# This file is autogenerated, do not edit; changes may be undone by the next 'dep ensure'.


[[projects]]
  name = "github.com/namsral/flag"
  packages = ["."]
  revision = "71ceffbeb0ba60fccc853971bb3ed4d7d90bfd04"
  version = "v1.7.4-pre"

[[projects]]
  branch = "master"
  name = "github.com/surge/glog"
  packages = ["."]
  revision = "2578deb2b95c665e6b1ebabf304ce2085c9e1985"

[[projects]]
  branch = "master"
  name = "github.com/surgemq/message"
  packages = ["."]
  revision = "2b7ca1ac6121420133f8df6b94a976d5ca35339a"

[[projects]]
  branch = "master"
  name = "github.com/surgemq/surgemq"
  packages = [
    "auth",
    "service",
    "sessions",
    "topics"
  ]
  revision = "782e2da078054c9a245f7f78c3f9a0994b5c21c2"

[[projects]]
  branch = "master"
  name = "github.com/think-free/axihome5"
  packages = ["core/types"]
  revision = "af34205935143798846e2e6b1f1613207abc03f3"

[[projects]]
  branch = "master"
  name = "github.com/think-free/mqttclient"
  packages = ["."]
  revision = "4b12786094012764bb35c78c587f5f5374d2b08d"

[solve-meta]
  analyzer-name = "dep"
  analyzer-version = 1
  inputs-digest = "26bf11ca3e855db6edd7e63723a0211f17671ba64c94b76c87aab4ea9173f2b0"
  solver-name = "gps-cdcl"
  solver-version = 1
