# This file is autogenerated, do not edit; changes may be undone by the next 'dep ensure'.


[[projects]]
  branch = "master"
  name = "github.com/GeertJohan/go.rice"
  packages = [
    ".",
    "embedded"
  ]
  revision = "0af3f3b09a0a8b391f63ab52ba5ab50f84fabd30"

[[projects]]
  branch = "master"
  name = "github.com/daaku/go.zipexe"
  packages = ["."]
  revision = "a5fe2436ffcb3236e175e5149162b41cd28bd27d"

[[projects]]
  name = "github.com/inconshreveable/mousetrap"
  packages = ["."]
  revision = "76626ae9c91c4f2a10f34cad8ce83ea42c93bb75"
  version = "v1.0"

[[projects]]
  name = "github.com/jamiealquiza/envy"
  packages = ["."]
  revision = "8296e64f2a795e83efe63717a36e5f2609b0f26e"
  version = "v1.1.0"

[[projects]]
  name = "github.com/spf13/cobra"
  packages = ["."]
  revision = "ef82de70bb3f60c65fb8eebacbb2d122ef517385"
  version = "v0.0.3"

[[projects]]
  name = "github.com/spf13/pflag"
  packages = ["."]
  revision = "298182f68c66c05229eb03ac171abe6e309ee79a"
  version = "v1.0.3"

[[projects]]
  branch = "master"
  name = "github.com/surge/glog"
  packages = ["."]
  revision = "2578deb2b95c665e6b1ebabf304ce2085c9e1985"

[[projects]]
  branch = "master"
  name = "github.com/surgemq/message"
  packages = ["."]
  revision = "2b7ca1ac6121420133f8df6b94a976d5ca35339a"

[[projects]]
  branch = "master"
  name = "github.com/surgemq/surgemq"
  packages = [
    "auth",
    "service",
    "sessions",
    "topics"
  ]
  revision = "782e2da078054c9a245f7f78c3f9a0994b5c21c2"

[[projects]]
  branch = "master"
  name = "github.com/think-free/axihome5"
  packages = ["src/core/types"]
  revision = "3e7be24a9f548dba0eaf13355ad912d0822c4d99"

[[projects]]
  branch = "master"
  name = "github.com/think-free/mqttclient"
  packages = ["."]
  revision = "ee920144098faff9af45b628c145d3689af6902d"

[solve-meta]
  analyzer-name = "dep"
  analyzer-version = 1
  inputs-digest = "bd2dbe86751fa57e175f4f1eb0f346752fc3ea7d26c1b43daefbfd3b1f34275a"
  solver-name = "gps-cdcl"
  solver-version = 1
