# This file is autogenerated, do not edit; changes may be undone by the next 'dep ensure'.


[[projects]]
  name = "github.com/asdine/storm"
  packages = [
    ".",
    "codec",
    "codec/json",
    "index",
    "internal",
    "q"
  ]
  revision = "5a6fe65e3993f63951c8e3f64c812536c9e23595"
  version = "v2.1.2"

[[projects]]
  branch = "master"
  name = "github.com/grafov/bcast"
  packages = ["."]
  revision = "2c1e067432bbea64f9bd7348613e2977e11ca299"

[[projects]]
  name = "github.com/namsral/flag"
  packages = ["."]
  revision = "71ceffbeb0ba60fccc853971bb3ed4d7d90bfd04"
  version = "v1.7.4-pre"

[[projects]]
  branch = "master"
  name = "github.com/surge/glog"
  packages = ["."]
  revision = "2578deb2b95c665e6b1ebabf304ce2085c9e1985"

[[projects]]
  branch = "master"
  name = "github.com/surgemq/message"
  packages = ["."]
  revision = "2b7ca1ac6121420133f8df6b94a976d5ca35339a"

[[projects]]
  branch = "master"
  name = "github.com/surgemq/surgemq"
  packages = [
    "auth",
    "service",
    "sessions",
    "topics"
  ]
  revision = "782e2da078054c9a245f7f78c3f9a0994b5c21c2"

[[projects]]
  branch = "master"
  name = "github.com/think-free/axihome5"
  packages = [
    "core/mqtt",
    "core/types",
    "core/webserver"
  ]
  revision = "af34205935143798846e2e6b1f1613207abc03f3"

[[projects]]
  branch = "master"
  name = "github.com/think-free/mqttclient"
  packages = ["."]
  revision = "4b12786094012764bb35c78c587f5f5374d2b08d"

[[projects]]
  branch = "master"
  name = "github.com/think-free/storm-wrapper"
  packages = ["."]
  revision = "3359d096374782522021d5a6de720eb25aa54e67"

[[projects]]
  name = "go.etcd.io/bbolt"
  packages = ["."]
  revision = "583e8937c61f1af6513608ccc75c97b6abdf4ff9"
  version = "v1.3.0"

[[projects]]
  branch = "master"
  name = "golang.org/x/sys"
  packages = ["unix"]
  revision = "66b7b1311ac80bbafcd2daeef9a5e6e2cd1e2399"

[solve-meta]
  analyzer-name = "dep"
  analyzer-version = 1
  inputs-digest = "6eacc854491bfe0f475efac674e4ba8d78d74f5650f78aecefe2d517b240e8cf"
  solver-name = "gps-cdcl"
  solver-version = 1
