github.com/GeertJohan/go.rice v0.0.0-20181229193832-0af3f3b09a0a h1:QgnJzkfb29JXtLXJN8alxzPWZhiNcAYZOa06dU5O46w=
github.com/GeertJohan/go.rice v0.0.0-20181229193832-0af3f3b09a0a/go.mod h1:DgrzXonpdQbfN3uYaGz1EG4Sbhyum/MMIn6Cphlh2bw=
github.com/asdine/storm v2.1.2+incompatible h1:dczuIkyqwY2LrtXPz8ixMrU/OFgZp71kbKTHGrXYt/Q=
github.com/asdine/storm v2.1.2+incompatible/go.mod h1:RarYDc9hq1UPLImuiXK3BIWPJLdIygvV3PsInK0FbVQ=
github.com/daaku/go.zipexe v1.0.0 h1:VSOgZtH418pH9L16hC/JrgSNJbbAL26pj7lmD1+CGdY=
github.com/daaku/go.zipexe v1.0.0/go.mod h1:z8IiR6TsVLEYKwXAoE/I+8ys/sDkgTzSL0CLnGVd57E=
github.com/grafov/bcast v0.0.0-20190217190352-1447f067e08d h1:Q2+KsA/1GLC9xyLsDun3/EOJ+83rY/IHRsO1DToPrdo=
github.com/grafov/bcast v0.0.0-20190217190352-1447f067e08d/go.mod h1:RInr+B3/Tx70hYm0rpNPMTD7vH0pBG5ny/JsHAs2KcQ=
github.com/inconshreveable/mousetrap v1.0.0 h1:Z8tu5sraLXCXIcARxBp/8cbvlwVa7Z1NHg9XEKhtSvM=
github.com/inconshreveable/mousetrap v1.0.0/go.mod h1:PxqpIevigyE2G7u3NXJIT2ANytuPF1OarO4DADm73n8=
github.com/jacobsa/go-serial v0.0.0-20180131005756-15cf729a72d4 h1:G2ztCwXov8mRvP0ZfjE6nAlaCX2XbykaeHdbT6KwDz0=
github.com/jacobsa/go-serial v0.0.0-20180131005756-15cf729a72d4/go.mod h1:2RvX5ZjVtsznNZPEt4xwJXNJrM3VTZoQf7V6gk0ysvs=
github.com/jamiealquiza/envy v1.1.0 h1:Nwh4wqTZ28gDA8zB+wFkhnUpz3CEcO12zotjeqqRoKE=
github.com/jamiealquiza/envy v1.1.0/go.mod h1:MP36BriGCLwEHhi1OU8E9569JNZrjWfCvzG7RsPnHus=
github.com/spf13/cobra v0.0.3 h1:ZlrZ4XsMRm04Fr5pSFxBgfND2EBVa1nLpiy1stUsX/8=
github.com/spf13/cobra v0.0.3/go.mod h1:1l0Ry5zgKvJasoi3XT1TypsSe7PqH0Sj9dhYf7v3XqQ=
github.com/spf13/pflag v1.0.3 h1:zPAT6CGy6wXeQ7NtTnaTerfKOsV6V6F8agHXFiazDkg=
github.com/spf13/pflag v1.0.3/go.mod h1:DYY7MBk1bdzusC3SYhjObp+wFpr4gzcvqqNjLnInEg4=
github.com/surge/glog v0.0.0-20141108051140-2578deb2b95c h1:cVA8Fd14+bmcDyVutgf976DrV9RzNO4SMzUQmfJDMrw=
github.com/surge/glog v0.0.0-20141108051140-2578deb2b95c/go.mod h1:W6gI0HQAbNyEO/62hesTBIbabSGJaEdlUApLw8UtuB0=
github.com/surgemq/message v0.0.0-20151017233315-2b7ca1ac6121 h1:XPyDni7REGO4jY31bhtnRU6WSnj4r2eCYQYMeUBShx4=
github.com/surgemq/message v0.0.0-20151017233315-2b7ca1ac6121/go.mod h1:aB2Klx/7IKkvtychYbb2GsLDXJMiRgGHbM688Y0eIds=
github.com/surgemq/surgemq v0.0.0-20181111185059-782e2da07805 h1:nBoLRzlCXyXLUiWT0/44X/XfHikQ85hNg341NScsT0M=
github.com/surgemq/surgemq v0.0.0-20181111185059-782e2da07805/go.mod h1:ZfhTIH1/q/0oGKBys58X5cbpBix3b3Nj3uka/UQ+GXk=
github.com/think-free/axihome5 v0.0.0-20190311151407-68defdb5a8ed h1:ZVtwkQOBoNZ5wVe9FztLAqyNXeeZqGZO1tuckvsuwf0=
github.com/think-free/axihome5 v0.0.0-20190311151407-68defdb5a8ed/go.mod h1:g3anAjkeNCg2f1MpV8YrRMZdGozNMuISCgDMwMJ5gRc=
github.com/think-free/mqttclient v0.0.0-20190215183531-795adf0ec906 h1:/W/cR8H1Nickkv8SkuIiGxOqW+S19iRqjON3i+OpQ/c=
github.com/think-free/mqttclient v0.0.0-20190215183531-795adf0ec906/go.mod h1:uH6wYd9dXVVw6lpgxzK6oEOGdP0iLWtzgY+I+IVzVAY=
github.com/think-free/storm-wrapper v0.0.0-20181108202528-3359d0963747 h1:WB1LPt1eBvkgw832iTMQfhnJ7zy/4zZM+MS1LDoAyLU=
github.com/think-free/storm-wrapper v0.0.0-20181108202528-3359d0963747/go.mod h1:jSMnkk0KT48WozcakZ4mLWKX+fBpM07MB1+JwsPSces=
go.etcd.io/bbolt v1.3.2 h1:Z/90sZLPOeCy2PwprqkFa25PdkusRzaj9P8zm/KNyvk=
go.etcd.io/bbolt v1.3.2/go.mod h1:IbVyRI1SCnLcuJnV2u8VeU0CEYM7e686BmAb1XKL+uU=
golang.org/x/sys v0.0.0-20190310054646-10058d7d4faa h1:lqti/xP+yD/6zH5TqEwx2MilNIJY5Vbc6Qr8J3qyPIQ=
golang.org/x/sys v0.0.0-20190310054646-10058d7d4faa/go.mod h1:h1NjWce9XRLGQEsW7wpKNCjG9DtNlClVuFLEZdDNbEs=
